
Microsoft Visual Studio Solution File, Format Version 12.00
Project("{FAE04EC0-301F-11D3-BF4B-00C04F79EFBC}") = "Phase10Library", "Phase10Library\Phase10Library.csproj", "{2323634F-118D-419B-B8EB-0ADC4FB00049}"
EndProject
Project("{FAE04EC0-301F-11D3-BF4B-00C04F79EFBC}") = "IndexRun", "IndexRun\IndexRun.csproj", "{64BFBB80-C9FE-4560-B888-08BB9EC60118}"
EndProject
Project("{FAE04EC0-301F-11D3-BF4B-00C04F79EFBC}") = "ViewRun", "ViewRun\ViewRun.csproj", "{8EE6CB6D-11C9-4FDA-A631-FDA0259B2A19}"
EndProject
Project("{FAE04EC0-301F-11D3-BF4B-00C04F79EFBC}") = "Phase10LibraryTest", "Phase10LibraryTest\Phase10LibraryTest.csproj", "{BEF86E49-2880-427B-B490-61244E109D93}"
EndProject
Global
	GlobalSection(SolutionConfigurationPlatforms) = preSolution
		Debug|Any CPU = Debug|Any CPU
		Release|Any CPU = Release|Any CPU
	EndGlobalSection
	GlobalSection(ProjectConfigurationPlatforms) = postSolution
		{2323634F-118D-419B-B8EB-0ADC4FB00049}.Debug|Any CPU.ActiveCfg = Debug|Any CPU
		{2323634F-118D-419B-B8EB-0ADC4FB00049}.Debug|Any CPU.Build.0 = Debug|Any CPU
		{2323634F-118D-419B-B8EB-0ADC4FB00049}.Release|Any CPU.ActiveCfg = Release|Any CPU
		{2323634F-118D-419B-B8EB-0ADC4FB00049}.Release|Any CPU.Build.0 = Release|Any CPU
		{64BFBB80-C9FE-4560-B888-08BB9EC60118}.Debug|Any CPU.ActiveCfg = Debug|Any CPU
		{64BFBB80-C9FE-4560-B888-08BB9EC60118}.Debug|Any CPU.Build.0 = Debug|Any CPU
		{64BFBB80-C9FE-4560-B888-08BB9EC60118}.Release|Any CPU.ActiveCfg = Release|Any CPU
		{64BFBB80-C9FE-4560-B888-08BB9EC60118}.Release|Any CPU.Build.0 = Release|Any CPU
		{8EE6CB6D-11C9-4FDA-A631-FDA0259B2A19}.Debug|Any CPU.ActiveCfg = Debug|Any CPU
		{8EE6CB6D-11C9-4FDA-A631-FDA0259B2A19}.Debug|Any CPU.Build.0 = Debug|Any CPU
		{8EE6CB6D-11C9-4FDA-A631-FDA0259B2A19}.Release|Any CPU.ActiveCfg = Release|Any CPU
		{8EE6CB6D-11C9-4FDA-A631-FDA0259B2A19}.Release|Any CPU.Build.0 = Release|Any CPU
		{BEF86E49-2880-427B-B490-61244E109D93}.Debug|Any CPU.ActiveCfg = Debug|Any CPU
		{BEF86E49-2880-427B-B490-61244E109D93}.Debug|Any CPU.Build.0 = Debug|Any CPU
		{BEF86E49-2880-427B-B490-61244E109D93}.Release|Any CPU.ActiveCfg = Release|Any CPU
		{BEF86E49-2880-427B-B490-61244E109D93}.Release|Any CPU.Build.0 = Release|Any CPU
	EndGlobalSection
EndGlobal
